lockVersion: 2.0.0
id: 89dd6fea-30bf-42cc-8446-2c3015a2c4ba
management:
  docChecksum: 4b41e03970ed2b5ffc483d860fa4d410
  docVersion: 0.2.3
  speakeasyVersion: 1.621.0
  generationVersion: 2.707.0
  releaseVersion: 0.2.3
  configChecksum: 09251236963b19d9203c40aa6644951b
  repoURL: https://github.com/OWASP/nest-sdk-typescript.git
  installationURL: https://github.com/OWASP/nest-sdk-typescript
  published: true
features:
  typescript:
    additionalDependencies: 0.1.0
    constsAndDefaults: 0.1.12
    core: 3.21.22
    defaultEnabledRetries: 0.1.0
    enumUnions: 0.1.0
    envVarSecurityUsage: 0.1.2
    globalSecurity: 2.82.14
    globalSecurityCallbacks: 0.1.0
    globalSecurityFlattening: 0.1.0
    globalServerURLs: 2.82.5
    methodArguments: 0.1.2
    nullables: 0.1.1
    responseFormat: 0.2.3
    retries: 2.83.0
    sdkHooks: 0.3.0
generatedFiles:
  - .gitattributes
  - .npmignore
  - FUNCTIONS.md
  - RUNTIMES.md
  - USAGE.md
  - docs/lib/utils/retryconfig.md
  - docs/models/chapterschema.md
  - docs/models/committeeschema.md
  - docs/models/errors/chaptererrorresponse.md
  - docs/models/errors/committeeerrorresponse.md
  - docs/models/errors/membererrorresponse.md
  - docs/models/errors/organizationerrorresponse.md
  - docs/models/errors/projecterrorresponse.md
  - docs/models/errors/sponsorerrorresponse.md
  - docs/models/eventschema.md
  - docs/models/issueschema.md
  - docs/models/memberschema.md
  - docs/models/membertype.md
  - docs/models/operations/getchapterrequest.md
  - docs/models/operations/getcommitteerequest.md
  - docs/models/operations/getmemberrequest.md
  - docs/models/operations/getorganizationrequest.md
  - docs/models/operations/getprojectrequest.md
  - docs/models/operations/getsponsorrequest.md
  - docs/models/operations/listchaptersordering.md
  - docs/models/operations/listchaptersrequest.md
  - docs/models/operations/listcommitteesordering.md
  - docs/models/operations/listcommitteesrequest.md
  - docs/models/operations/listeventsordering.md
  - docs/models/operations/listeventsrequest.md
  - docs/models/operations/listissuesordering.md
  - docs/models/operations/listissuesrequest.md
  - docs/models/operations/listmembersordering.md
  - docs/models/operations/listmembersrequest.md
  - docs/models/operations/listorganizationsordering.md
  - docs/models/operations/listorganizationsrequest.md
  - docs/models/operations/listprojectsordering.md
  - docs/models/operations/listprojectsrequest.md
  - docs/models/operations/listreleasesordering.md
  - docs/models/operations/listreleasesrequest.md
  - docs/models/operations/listrepositoriesordering.md
  - docs/models/operations/listrepositoriesrequest.md
  - docs/models/operations/listsponsorsordering.md
  - docs/models/operations/listsponsorsrequest.md
  - docs/models/organizationschema.md
  - docs/models/pagedchapterschema.md
  - docs/models/pagedcommitteeschema.md
  - docs/models/pagedeventschema.md
  - docs/models/pagedissueschema.md
  - docs/models/pagedmemberschema.md
  - docs/models/pagedorganizationschema.md
  - docs/models/pagedprojectschema.md
  - docs/models/pagedreleaseschema.md
  - docs/models/pagedrepositoryschema.md
  - docs/models/pagedsponsorschema.md
  - docs/models/projectlevel.md
  - docs/models/projectschema.md
  - docs/models/releaseschema.md
  - docs/models/repositoryschema.md
  - docs/models/security.md
  - docs/models/sponsorschema.md
  - docs/models/state.md
  - docs/sdks/chapters/README.md
  - docs/sdks/committees/README.md
  - docs/sdks/community/README.md
  - docs/sdks/events/README.md
  - docs/sdks/issues/README.md
  - docs/sdks/nest/README.md
  - docs/sdks/projects/README.md
  - docs/sdks/releases/README.md
  - docs/sdks/repositories/README.md
  - docs/sdks/sponsors/README.md
  - eslint.config.mjs
  - examples/.env.template
  - examples/README.md
  - examples/chaptersListChapters.example.ts
  - examples/package.json
  - jsr.json
  - package.json
  - src/core.ts
  - src/funcs/chaptersGetChapter.ts
  - src/funcs/chaptersListChapters.ts
  - src/funcs/committeesGetCommittee.ts
  - src/funcs/committeesListCommittees.ts
  - src/funcs/communityGetMember.ts
  - src/funcs/communityGetOrganization.ts
  - src/funcs/communityListMembers.ts
  - src/funcs/communityListOrganizations.ts
  - src/funcs/eventsListEvents.ts
  - src/funcs/issuesListIssues.ts
  - src/funcs/projectsGetProject.ts
  - src/funcs/projectsListProjects.ts
  - src/funcs/releasesListReleases.ts
  - src/funcs/repositoriesListRepositories.ts
  - src/funcs/sponsorsGetSponsor.ts
  - src/funcs/sponsorsListSponsors.ts
  - src/hooks/hooks.ts
  - src/hooks/index.ts
  - src/hooks/types.ts
  - src/index.ts
  - src/lib/base64.ts
  - src/lib/config.ts
  - src/lib/dlv.ts
  - src/lib/encodings.ts
  - src/lib/env.ts
  - src/lib/files.ts
  - src/lib/http.ts
  - src/lib/is-plain-object.ts
  - src/lib/logger.ts
  - src/lib/matchers.ts
  - src/lib/primitives.ts
  - src/lib/retries.ts
  - src/lib/schemas.ts
  - src/lib/sdks.ts
  - src/lib/security.ts
  - src/lib/url.ts
  - src/models/chapterschema.ts
  - src/models/committeeschema.ts
  - src/models/errors/chaptererrorresponse.ts
  - src/models/errors/committeeerrorresponse.ts
  - src/models/errors/httpclienterrors.ts
  - src/models/errors/index.ts
  - src/models/errors/membererrorresponse.ts
  - src/models/errors/nestapierror.ts
  - src/models/errors/nesterror.ts
  - src/models/errors/organizationerrorresponse.ts
  - src/models/errors/projecterrorresponse.ts
  - src/models/errors/responsevalidationerror.ts
  - src/models/errors/sdkvalidationerror.ts
  - src/models/errors/sponsorerrorresponse.ts
  - src/models/eventschema.ts
  - src/models/index.ts
  - src/models/issueschema.ts
  - src/models/memberschema.ts
  - src/models/membertype.ts
  - src/models/operations/getchapter.ts
  - src/models/operations/getcommittee.ts
  - src/models/operations/getmember.ts
  - src/models/operations/getorganization.ts
  - src/models/operations/getproject.ts
  - src/models/operations/getsponsor.ts
  - src/models/operations/index.ts
  - src/models/operations/listchapters.ts
  - src/models/operations/listcommittees.ts
  - src/models/operations/listevents.ts
  - src/models/operations/listissues.ts
  - src/models/operations/listmembers.ts
  - src/models/operations/listorganizations.ts
  - src/models/operations/listprojects.ts
  - src/models/operations/listreleases.ts
  - src/models/operations/listrepositories.ts
  - src/models/operations/listsponsors.ts
  - src/models/organizationschema.ts
  - src/models/pagedchapterschema.ts
  - src/models/pagedcommitteeschema.ts
  - src/models/pagedeventschema.ts
  - src/models/pagedissueschema.ts
  - src/models/pagedmemberschema.ts
  - src/models/pagedorganizationschema.ts
  - src/models/pagedprojectschema.ts
  - src/models/pagedreleaseschema.ts
  - src/models/pagedrepositoryschema.ts
  - src/models/pagedsponsorschema.ts
  - src/models/projectlevel.ts
  - src/models/projectschema.ts
  - src/models/releaseschema.ts
  - src/models/repositoryschema.ts
  - src/models/security.ts
  - src/models/sponsorschema.ts
  - src/models/state.ts
  - src/sdk/chapters.ts
  - src/sdk/committees.ts
  - src/sdk/community.ts
  - src/sdk/events.ts
  - src/sdk/index.ts
  - src/sdk/issues.ts
  - src/sdk/projects.ts
  - src/sdk/releases.ts
  - src/sdk/repositories.ts
  - src/sdk/sdk.ts
  - src/sdk/sponsors.ts
  - src/types/async.ts
  - src/types/blobs.ts
  - src/types/constdatetime.ts
  - src/types/enums.ts
  - src/types/fp.ts
  - src/types/index.ts
  - src/types/operations.ts
  - src/types/rfcdate.ts
  - src/types/streams.ts
  - tsconfig.json
examples:
  list_chapters:
    speakeasy-default-list-chapters:
      parameters:
        query:
          country: "India"
          region: "Asia"
          page: 1
      responses:
        "200":
          application/json: {"items": [{"country": "Slovenia", "created_at": "2025-04-17T12:05:02.463Z", "name": "<value>", "region": "<value>", "updated_at": "2023-05-06T16:21:25.155Z"}], "count": 769051}
  get_chapter:
    speakeasy-default-get-chapter:
      parameters:
        path:
          key: "<key>"
          chapter_id: "London"
      responses:
        "200":
          application/json: {"country": "Hungary", "created_at": "2024-10-15T07:48:29.830Z", "name": "<value>", "region": "<value>", "updated_at": "2023-12-24T21:08:33.483Z"}
        "404":
          application/json: {"message": "<value>"}
  list_committees:
    speakeasy-default-list-committees:
      parameters:
        query:
          page: 1
      responses:
        "200":
          application/json: {"items": [{"name": "<value>", "description": "boo per while sunbathe likewise yeast quizzically expansion eek", "created_at": "2025-03-16T20:29:18.773Z", "updated_at": "2023-06-13T22:21:50.847Z"}], "count": 288373}
  list_members:
    speakeasy-default-list-members:
      parameters:
        query:
          location: "India"
          page: 1
      responses:
        "200":
          application/json: {"items": [{"avatar_url": "https://noxious-promise.info", "bio": "<value>", "company": "Schmeler and Sons", "created_at": "2023-10-11T15:28:15.365Z", "followers_count": 650853, "following_count": 788452, "location": "<value>", "login": "Emie.Jenkins79", "name": "<value>", "public_repositories_count": 740999, "title": "<value>", "twitter_username": "<value>", "updated_at": "2023-03-27T20:40:12.982Z", "url": "https://old-fashioned-provider.biz/"}], "count": 381744}
  get_member:
    speakeasy-default-get-member:
      parameters:
        path:
          login: "Stanton97"
          member_id: "OWASP"
      responses:
        "200":
          application/json: {"avatar_url": "https://winged-help.net", "bio": "<value>", "company": "Jacobson and Sons", "created_at": "2024-03-25T14:53:31.200Z", "followers_count": 877273, "following_count": 836968, "location": "<value>", "login": "Rodolfo.Lindgren", "name": "<value>", "public_repositories_count": 289203, "title": "<value>", "twitter_username": "<value>", "updated_at": "2023-12-31T23:08:06.768Z", "url": "https://yummy-colon.org"}
        "404":
          application/json: {"message": "<value>"}
  list_organizations:
    speakeasy-default-list-organizations:
      parameters:
        query:
          location: "United States of America"
          page: 1
      responses:
        "200":
          application/json: {"items": [{"company": "Grady LLC", "created_at": "2025-12-31T23:31:01.740Z", "location": "<value>", "login": "Rosina11", "name": "<value>", "updated_at": "2024-09-05T17:30:42.265Z"}], "count": 150206}
  list_events:
    speakeasy-default-list-events:
      parameters:
        query:
          page: 1
      responses:
        "200":
          application/json: {"items": [], "count": 957493}
  list_issues:
    speakeasy-default-list-issues:
      parameters:
        query:
          page: 1
      responses:
        "200":
          application/json: {"items": [{"body": "<value>", "created_at": "2025-07-18T12:46:15.645Z", "title": "<value>", "state": "closed", "updated_at": "2023-02-19T06:46:47.973Z", "url": "https://victorious-glider.info"}], "count": 209946}
  list_projects:
    speakeasy-default-list-projects:
      parameters:
        query:
          page: 1
          ordering: "-created_at"
      responses:
        "200":
          application/json: {"items": [], "count": 820243}
  list_releases:
    speakeasy-default-list-releases:
      parameters:
        query:
          tag_name: "v1.0.0"
          page: 1
      responses:
        "200":
          application/json: {"items": [], "count": 732904}
  list_repositories:
    speakeasy-default-list-repositories:
      parameters:
        query:
          page: 1
      responses:
        "200":
          application/json: {"items": [], "count": 331323}
  apps_api_rest_v0_chapter_list_chapters:
    speakeasy-default-apps-api-rest-v0-chapter-list-chapters:
      parameters:
        query:
          page: 1
      responses:
        "200":
          application/json: {"items": [], "count": 104082}
  apps_api_rest_v0_chapter_get_chapter:
    speakeasy-default-apps-api-rest-v0-chapter-get-chapter:
      parameters:
        path:
          chapter_id: "London"
      responses:
        "200":
          application/json: {"country": "French Polynesia", "created_at": "2025-04-04T14:07:52.262Z", "name": "<value>", "region": "<value>", "updated_at": "2023-07-30T12:52:51.415Z"}
        "404":
          application/json: {"message": "<value>"}
  apps_api_rest_v0_committee_get_chapter:
    speakeasy-default-apps-api-rest-v0-committee-get-chapter:
      parameters:
        path:
          committee_id: "project"
      responses:
        "200":
          application/json: {"name": "<value>", "description": "oh retention indeed scout", "created_at": "2024-10-07T07:24:06.407Z", "updated_at": "2023-10-07T05:35:11.479Z"}
        "404":
          application/json: {"message": "<value>"}
  apps_api_rest_v0_member_get_member:
    speakeasy-default-apps-api-rest-v0-member-get-member:
      parameters:
        path:
          member_id: "OWASP"
      responses:
        "200":
          application/json: {"avatar_url": "https://probable-monocle.info/", "bio": "<value>", "company": "Gusikowski, Lindgren and Hilpert", "created_at": "2025-06-10T06:12:59.037Z", "followers_count": 418981, "following_count": 880792, "location": "<value>", "login": "Percy.Corwin", "name": "<value>", "public_repositories_count": 996809, "title": "<value>", "twitter_username": "<value>", "updated_at": "2024-09-04T15:52:45.207Z", "url": "https://silent-comestible.name"}
        "404":
          application/json: {"message": "<value>"}
  apps_api_rest_v0_organization_list_organization:
    speakeasy-default-apps-api-rest-v0-organization-list-organization:
      parameters:
        query:
          location: "United States of America"
          page: 1
      responses:
        "200":
          application/json: {"items": [{"company": "Schulist - Corwin", "created_at": "2024-09-12T10:26:53.069Z", "location": "<value>", "login": "Gloria82", "name": "<value>", "updated_at": "2023-09-28T04:04:30.868Z"}], "count": 899186}
  apps_api_rest_v0_organization_get_organization:
    speakeasy-default-apps-api-rest-v0-organization-get-organization:
      parameters:
        path:
          organization_id: "OWASP"
      responses:
        "200":
          application/json: {"company": "Thompson, Muller and Greenfelder", "created_at": "2024-04-06T15:58:36.585Z", "location": "<value>", "login": "Krystel63", "name": "<value>", "updated_at": "2024-02-29T10:03:30.464Z"}
        "404":
          application/json: {"message": "<value>"}
  apps_api_rest_v0_event_list_events:
    speakeasy-default-apps-api-rest-v0-event-list-events:
      parameters:
        query:
          page: 1
      responses:
        "200":
          application/json: {"items": [], "count": 965062}
  apps_api_rest_v0_project_list_projects:
    speakeasy-default-apps-api-rest-v0-project-list-projects:
      parameters:
        query:
          ordering: "-created_at"
          page: 1
      responses:
        "200":
          application/json: {"items": [], "count": 976294}
  apps_api_rest_v0_project_get_project:
    speakeasy-default-apps-api-rest-v0-project-get-project:
      parameters:
        path:
          project_id: "Nest"
      responses:
        "200":
          application/json: {"created_at": "2025-02-01T21:38:47.314Z", "description": "astride hence easily", "level": "other", "name": "<value>", "updated_at": "2023-10-02T12:16:09.505Z"}
        "404":
          application/json: {"message": "<value>"}
  get_committee:
    speakeasy-default-get-committee:
      parameters:
        path:
          committee_id: "project"
      responses:
        "200":
          application/json: {"name": "<value>", "description": "phew regal hoarse what tedious pharmacopoeia stealthily disadvantage emergent at", "created_at": "2024-10-26T15:58:22.888Z", "updated_at": "2024-10-23T09:23:37.658Z"}
        "404":
          application/json: {"message": "<value>"}
  get_organization:
    speakeasy-default-get-organization:
      parameters:
        path:
          organization_id: "OWASP"
      responses:
        "200":
          application/json: {"company": "Padberg - Hettinger", "created_at": "2025-12-12T04:28:03.547Z", "location": "<value>", "login": "Alessandra_Beer", "name": "<value>", "updated_at": "2023-07-11T13:29:35.567Z"}
        "404":
          application/json: {"message": "<value>"}
  get_project:
    speakeasy-default-get-project:
      parameters:
        path:
          project_id: "Nest"
      responses:
        "200":
          application/json: {"created_at": "2023-03-06T09:23:19.829Z", "description": "since limply gah consequently ugh petticoat wholly possible", "level": "lab", "name": "<value>", "updated_at": "2023-12-06T04:15:58.999Z"}
        "404":
          application/json: {"message": "<value>"}
  list_sponsors:
    speakeasy-default-list-sponsors:
      parameters:
        query:
          sponsor_type: "Silver"
          page: 1
      responses:
        "200":
          application/json: {"items": [{"description": "malfunction accomplished preheat", "image_url": "https://discrete-intervention.org/", "is_member": false, "job_url": "https://immediate-clamp.biz", "key": "<key>", "member_type": "<value>", "name": "<value>", "sponsor_type": "<value>", "url": "https://crafty-settler.biz"}], "count": 49757}
  get_sponsor:
    speakeasy-default-get-sponsor:
      parameters:
        path:
          sponsor_key: "adobe"
      responses:
        "200":
          application/json: {"description": "freely blissfully ultimate huzzah instead along sometimes whale asset", "image_url": "https://enlightened-hunger.info", "is_member": false, "job_url": "https://every-horde.com", "key": "<key>", "member_type": "<value>", "name": "<value>", "sponsor_type": "<value>", "url": "https://red-horde.net"}
        "404":
          application/json: {"message": "<value>"}
examplesVersion: 1.0.2
releaseNotes: |
  ## Typescript SDK Changes Detected:
  * `nest.sponsors.listSponsors()`: **Added**
  * `nest.sponsors.getSponsor()`: **Added**
