lockVersion: 2.0.0
id: 89dd6fea-30bf-42cc-8446-2c3015a2c4ba
management:
  docChecksum: 66b78c48a679d176cb3e654f8eedec70
  docVersion: 0.2.5
  speakeasyVersion: 1.658.1
  generationVersion: 2.755.6
  releaseVersion: 0.4.0
  configChecksum: d19a6e6551975fe28266c07e24b95a0d
  repoURL: https://github.com/OWASP/nest-sdk-typescript.git
  installationURL: https://github.com/OWASP/nest-sdk-typescript
  published: true
features:
  typescript:
    additionalDependencies: 0.1.0
    constsAndDefaults: 0.1.12
    core: 3.26.7
    defaultEnabledRetries: 0.1.0
    enumUnions: 0.1.0
    envVarSecurityUsage: 0.1.2
    globalSecurity: 2.82.14
    globalSecurityCallbacks: 0.1.0
    globalSecurityFlattening: 0.1.0
    globalServerURLs: 2.83.0
    methodArguments: 0.1.2
    nullables: 0.1.1
    responseFormat: 0.2.3
    retries: 2.83.0
    sdkHooks: 0.3.0
generatedFiles:
  - .gitattributes
  - .npmignore
  - FUNCTIONS.md
  - RUNTIMES.md
  - USAGE.md
  - docs/lib/utils/retryconfig.md
  - docs/models/chapter.md
  - docs/models/chapterdetail.md
  - docs/models/committee.md
  - docs/models/committeedetail.md
  - docs/models/errors/chaptererror.md
  - docs/models/errors/committeeerror.md
  - docs/models/errors/eventerror.md
  - docs/models/errors/issueerror.md
  - docs/models/errors/membererror.md
  - docs/models/errors/milestoneerror.md
  - docs/models/errors/organizationerror.md
  - docs/models/errors/projecterror.md
  - docs/models/errors/releaseerror.md
  - docs/models/errors/repositoryerror.md
  - docs/models/errors/snapshoterror.md
  - docs/models/errors/sponsorerror.md
  - docs/models/event.md
  - docs/models/eventdetail.md
  - docs/models/issue.md
  - docs/models/issuedetail.md
  - docs/models/member.md
  - docs/models/memberdetail.md
  - docs/models/membertype.md
  - docs/models/milestone.md
  - docs/models/milestonedetail.md
  - docs/models/operations/getchapterrequest.md
  - docs/models/operations/getcommitteerequest.md
  - docs/models/operations/geteventrequest.md
  - docs/models/operations/getissuerequest.md
  - docs/models/operations/getmemberrequest.md
  - docs/models/operations/getmilestonerequest.md
  - docs/models/operations/getorganizationrequest.md
  - docs/models/operations/getprojectrequest.md
  - docs/models/operations/getreleaserequest.md
  - docs/models/operations/getrepositoryrequest.md
  - docs/models/operations/getsnapshotrequest.md
  - docs/models/operations/getsponsorrequest.md
  - docs/models/operations/listchaptersordering.md
  - docs/models/operations/listchaptersrequest.md
  - docs/models/operations/listcommitteesordering.md
  - docs/models/operations/listcommitteesrequest.md
  - docs/models/operations/listeventsordering.md
  - docs/models/operations/listeventsrequest.md
  - docs/models/operations/listissuesordering.md
  - docs/models/operations/listissuesrequest.md
  - docs/models/operations/listmembersordering.md
  - docs/models/operations/listmembersrequest.md
  - docs/models/operations/listmilestonesordering.md
  - docs/models/operations/listmilestonesrequest.md
  - docs/models/operations/listorganizationsordering.md
  - docs/models/operations/listorganizationsrequest.md
  - docs/models/operations/listprojectsordering.md
  - docs/models/operations/listprojectsrequest.md
  - docs/models/operations/listreleasesordering.md
  - docs/models/operations/listreleasesrequest.md
  - docs/models/operations/listrepositoriesordering.md
  - docs/models/operations/listrepositoriesrequest.md
  - docs/models/operations/listsnapshotchaptersordering.md
  - docs/models/operations/listsnapshotchaptersrequest.md
  - docs/models/operations/listsnapshotissuesordering.md
  - docs/models/operations/listsnapshotissuesrequest.md
  - docs/models/operations/listsnapshotmembersordering.md
  - docs/models/operations/listsnapshotmembersrequest.md
  - docs/models/operations/listsnapshotprojectsordering.md
  - docs/models/operations/listsnapshotprojectsrequest.md
  - docs/models/operations/listsnapshotreleasesordering.md
  - docs/models/operations/listsnapshotreleasesrequest.md
  - docs/models/operations/listsnapshotsordering.md
  - docs/models/operations/listsnapshotsrequest.md
  - docs/models/operations/listsponsorsordering.md
  - docs/models/operations/listsponsorsrequest.md
  - docs/models/organization.md
  - docs/models/organizationdetail.md
  - docs/models/pagedchapter.md
  - docs/models/pagedcommittee.md
  - docs/models/pagedevent.md
  - docs/models/pagedissue.md
  - docs/models/pagedmember.md
  - docs/models/pagedmilestone.md
  - docs/models/pagedorganization.md
  - docs/models/pagedproject.md
  - docs/models/pagedrelease.md
  - docs/models/pagedrepository.md
  - docs/models/pagedsnapshot.md
  - docs/models/pagedsnapshotissue.md
  - docs/models/pagedsnapshotrelease.md
  - docs/models/pagedsponsor.md
  - docs/models/project.md
  - docs/models/projectdetail.md
  - docs/models/projectlevel.md
  - docs/models/release.md
  - docs/models/releasedetail.md
  - docs/models/repository.md
  - docs/models/repositorydetail.md
  - docs/models/security.md
  - docs/models/snapshot.md
  - docs/models/snapshotdetail.md
  - docs/models/snapshotissue.md
  - docs/models/snapshotrelease.md
  - docs/models/sponsor.md
  - docs/models/sponsordetail.md
  - docs/models/state.md
  - docs/sdks/chapters/README.md
  - docs/sdks/committees/README.md
  - docs/sdks/community/README.md
  - docs/sdks/events/README.md
  - docs/sdks/issues/README.md
  - docs/sdks/milestones/README.md
  - docs/sdks/projects/README.md
  - docs/sdks/releases/README.md
  - docs/sdks/repositories/README.md
  - docs/sdks/sponsors/README.md
  - eslint.config.mjs
  - examples/.env.template
  - examples/README.md
  - examples/chaptersListChapters.example.ts
  - examples/package.json
  - jsr.json
  - package.json
  - src/core.ts
  - src/funcs/chaptersGetChapter.ts
  - src/funcs/chaptersListChapters.ts
  - src/funcs/committeesGetCommittee.ts
  - src/funcs/committeesListCommittees.ts
  - src/funcs/communityGetMember.ts
  - src/funcs/communityGetOrganization.ts
  - src/funcs/communityGetSnapshot.ts
  - src/funcs/communityListMembers.ts
  - src/funcs/communityListOrganizations.ts
  - src/funcs/communityListSnapshotChapters.ts
  - src/funcs/communityListSnapshotIssues.ts
  - src/funcs/communityListSnapshotMembers.ts
  - src/funcs/communityListSnapshotProjects.ts
  - src/funcs/communityListSnapshotReleases.ts
  - src/funcs/communityListSnapshots.ts
  - src/funcs/eventsGetEvent.ts
  - src/funcs/eventsListEvents.ts
  - src/funcs/issuesGetIssue.ts
  - src/funcs/issuesListIssues.ts
  - src/funcs/milestonesGetMilestone.ts
  - src/funcs/milestonesListMilestones.ts
  - src/funcs/projectsGetProject.ts
  - src/funcs/projectsListProjects.ts
  - src/funcs/releasesGetRelease.ts
  - src/funcs/releasesListReleases.ts
  - src/funcs/repositoriesGetRepository.ts
  - src/funcs/repositoriesListRepositories.ts
  - src/funcs/sponsorsGetSponsor.ts
  - src/funcs/sponsorsListSponsors.ts
  - src/hooks/hooks.ts
  - src/hooks/index.ts
  - src/hooks/types.ts
  - src/index.ts
  - src/lib/base64.ts
  - src/lib/config.ts
  - src/lib/dlv.ts
  - src/lib/encodings.ts
  - src/lib/env.ts
  - src/lib/files.ts
  - src/lib/http.ts
  - src/lib/is-plain-object.ts
  - src/lib/logger.ts
  - src/lib/matchers.ts
  - src/lib/primitives.ts
  - src/lib/retries.ts
  - src/lib/schemas.ts
  - src/lib/sdks.ts
  - src/lib/security.ts
  - src/lib/url.ts
  - src/models/chapter.ts
  - src/models/chapterdetail.ts
  - src/models/committee.ts
  - src/models/committeedetail.ts
  - src/models/errors/chaptererror.ts
  - src/models/errors/committeeerror.ts
  - src/models/errors/eventerror.ts
  - src/models/errors/httpclienterrors.ts
  - src/models/errors/index.ts
  - src/models/errors/issueerror.ts
  - src/models/errors/membererror.ts
  - src/models/errors/milestoneerror.ts
  - src/models/errors/nestapierror.ts
  - src/models/errors/nesterror.ts
  - src/models/errors/organizationerror.ts
  - src/models/errors/projecterror.ts
  - src/models/errors/releaseerror.ts
  - src/models/errors/repositoryerror.ts
  - src/models/errors/responsevalidationerror.ts
  - src/models/errors/sdkvalidationerror.ts
  - src/models/errors/snapshoterror.ts
  - src/models/errors/sponsorerror.ts
  - src/models/event.ts
  - src/models/eventdetail.ts
  - src/models/index.ts
  - src/models/issue.ts
  - src/models/issuedetail.ts
  - src/models/member.ts
  - src/models/memberdetail.ts
  - src/models/membertype.ts
  - src/models/milestone.ts
  - src/models/milestonedetail.ts
  - src/models/operations/getchapter.ts
  - src/models/operations/getcommittee.ts
  - src/models/operations/getevent.ts
  - src/models/operations/getissue.ts
  - src/models/operations/getmember.ts
  - src/models/operations/getmilestone.ts
  - src/models/operations/getorganization.ts
  - src/models/operations/getproject.ts
  - src/models/operations/getrelease.ts
  - src/models/operations/getrepository.ts
  - src/models/operations/getsnapshot.ts
  - src/models/operations/getsponsor.ts
  - src/models/operations/index.ts
  - src/models/operations/listchapters.ts
  - src/models/operations/listcommittees.ts
  - src/models/operations/listevents.ts
  - src/models/operations/listissues.ts
  - src/models/operations/listmembers.ts
  - src/models/operations/listmilestones.ts
  - src/models/operations/listorganizations.ts
  - src/models/operations/listprojects.ts
  - src/models/operations/listreleases.ts
  - src/models/operations/listrepositories.ts
  - src/models/operations/listsnapshotchapters.ts
  - src/models/operations/listsnapshotissues.ts
  - src/models/operations/listsnapshotmembers.ts
  - src/models/operations/listsnapshotprojects.ts
  - src/models/operations/listsnapshotreleases.ts
  - src/models/operations/listsnapshots.ts
  - src/models/operations/listsponsors.ts
  - src/models/organization.ts
  - src/models/organizationdetail.ts
  - src/models/pagedchapter.ts
  - src/models/pagedcommittee.ts
  - src/models/pagedevent.ts
  - src/models/pagedissue.ts
  - src/models/pagedmember.ts
  - src/models/pagedmilestone.ts
  - src/models/pagedorganization.ts
  - src/models/pagedproject.ts
  - src/models/pagedrelease.ts
  - src/models/pagedrepository.ts
  - src/models/pagedsnapshot.ts
  - src/models/pagedsnapshotissue.ts
  - src/models/pagedsnapshotrelease.ts
  - src/models/pagedsponsor.ts
  - src/models/project.ts
  - src/models/projectdetail.ts
  - src/models/projectlevel.ts
  - src/models/release.ts
  - src/models/releasedetail.ts
  - src/models/repository.ts
  - src/models/repositorydetail.ts
  - src/models/security.ts
  - src/models/snapshot.ts
  - src/models/snapshotdetail.ts
  - src/models/snapshotissue.ts
  - src/models/snapshotrelease.ts
  - src/models/sponsor.ts
  - src/models/sponsordetail.ts
  - src/models/state.ts
  - src/sdk/chapters.ts
  - src/sdk/committees.ts
  - src/sdk/community.ts
  - src/sdk/events.ts
  - src/sdk/index.ts
  - src/sdk/issues.ts
  - src/sdk/milestones.ts
  - src/sdk/projects.ts
  - src/sdk/releases.ts
  - src/sdk/repositories.ts
  - src/sdk/sdk.ts
  - src/sdk/sponsors.ts
  - src/types/async.ts
  - src/types/blobs.ts
  - src/types/constdatetime.ts
  - src/types/enums.ts
  - src/types/fp.ts
  - src/types/index.ts
  - src/types/operations.ts
  - src/types/rfcdate.ts
  - src/types/streams.ts
  - tsconfig.json
examples:
  list_chapters:
    speakeasy-default-list-chapters:
      parameters:
        query:
          country: "India"
          region: "Asia"
          page: 1
          page_size: 100
      responses:
        "200":
          application/json: {"current_page": 816774, "has_next": false, "has_previous": false, "items": [{"created_at": "2025-04-17T12:05:02.463Z", "key": "<key>", "name": "<value>", "updated_at": "2023-05-06T16:21:25.155Z"}], "total_count": 114673, "total_pages": 769051}
  get_chapter:
    speakeasy-default-get-chapter:
      parameters:
        path:
          key: "<key>"
          chapter_id: "London"
      responses:
        "200":
          application/json: {"created_at": "2024-10-15T07:48:29.830Z", "key": "<key>", "name": "<value>", "updated_at": "2023-12-24T21:08:33.483Z", "country": "Hungary", "region": "<value>"}
        "404":
          application/json: {"message": "<value>"}
  list_committees:
    speakeasy-default-list-committees:
      parameters:
        query:
          page: 1
          page_size: 100
      responses:
        "200":
          application/json: {"current_page": 742813, "has_next": false, "has_previous": false, "items": [{"created_at": "2025-03-16T20:29:18.773Z", "key": "<key>", "name": "<value>", "updated_at": "2023-06-13T22:21:50.847Z"}], "total_count": 133051, "total_pages": 849699}
  list_members:
    speakeasy-default-list-members:
      parameters:
        query:
          location: "India"
          page: 1
          page_size: 100
      responses:
        "200":
          application/json: {"current_page": 778300, "has_next": false, "has_previous": false, "items": [{"avatar_url": "https://noxious-promise.info", "created_at": "2023-10-11T15:28:15.365Z", "login": "Emie.Jenkins79", "name": "<value>", "updated_at": "2023-03-27T20:40:12.982Z", "url": "https://old-fashioned-provider.biz/"}], "total_count": 712133, "total_pages": 432343}
  get_member:
    speakeasy-default-get-member:
      parameters:
        path:
          login: "Stanton97"
          member_id: "OWASP"
      responses:
        "200":
          application/json: {"avatar_url": "https://winged-help.net", "created_at": "2024-03-25T14:53:31.200Z", "login": "Rodolfo.Lindgren", "name": "<value>", "updated_at": "2023-12-31T23:08:06.768Z", "url": "https://yummy-colon.org", "bio": "<value>", "company": "Jacobson and Sons", "followers_count": 877273, "following_count": 836968, "location": "<value>", "public_repositories_count": 289203, "title": "<value>", "twitter_username": "<value>"}
        "404":
          application/json: {"message": "<value>"}
  list_organizations:
    speakeasy-default-list-organizations:
      parameters:
        query:
          location: "United States of America"
          page: 1
          page_size: 100
      responses:
        "200":
          application/json: {"current_page": 991769, "has_next": false, "has_previous": true, "items": [{"created_at": "2025-12-31T23:31:01.740Z", "login": "Rosina11", "name": "<value>", "updated_at": "2024-09-05T17:30:42.265Z"}], "total_count": 734125, "total_pages": 999982}
  list_events:
    speakeasy-default-list-events:
      parameters:
        query:
          page: 1
          page_size: 100
      responses:
        "200":
          application/json: {"current_page": 106909, "has_next": false, "has_previous": true, "items": [], "total_count": 286372, "total_pages": 191713}
  list_issues:
    speakeasy-default-list-issues:
      parameters:
        query:
          page: 1
          organization: "OWASP"
          repository: "Nest"
          page_size: 100
      responses:
        "200":
          application/json: {"current_page": 951229, "has_next": false, "has_previous": false, "items": [{"created_at": "2025-07-18T12:46:15.645Z", "state": "closed", "title": "<value>", "updated_at": "2023-02-19T06:46:47.973Z", "url": "https://victorious-glider.info"}], "total_count": 44965, "total_pages": 988954}
  list_projects:
    speakeasy-default-list-projects:
      parameters:
        query:
          page: 1
          ordering: "-created_at"
          page_size: 100
      responses:
        "200":
          application/json: {"current_page": 114958, "has_next": false, "has_previous": false, "items": [], "total_count": 161835, "total_pages": 836183}
  list_releases:
    speakeasy-default-list-releases:
      parameters:
        query:
          tag_name: "0.2.10"
          page: 1
          organization: "OWASP"
          repository: "Nest"
          page_size: 100
      responses:
        "200":
          application/json: {"current_page": 44000, "has_next": false, "has_previous": false, "items": [], "total_count": 929674, "total_pages": 152001}
  list_repositories:
    speakeasy-default-list-repositories:
      parameters:
        query:
          page: 1
          organization_id: "OWASP"
          page_size: 100
      responses:
        "200":
          application/json: {"current_page": 189078, "has_next": true, "has_previous": true, "items": [], "total_count": 519035, "total_pages": 490901}
  apps_api_rest_v0_chapter_list_chapters:
    speakeasy-default-apps-api-rest-v0-chapter-list-chapters:
      parameters:
        query:
          page: 1
      responses:
        "200":
          application/json: {"items": [], "count": 104082}
  apps_api_rest_v0_chapter_get_chapter:
    speakeasy-default-apps-api-rest-v0-chapter-get-chapter:
      parameters:
        path:
          chapter_id: "London"
      responses:
        "200":
          application/json: {"country": "French Polynesia", "created_at": "2025-04-04T14:07:52.262Z", "name": "<value>", "region": "<value>", "updated_at": "2023-07-30T12:52:51.415Z"}
        "404":
          application/json: {"message": "<value>"}
  apps_api_rest_v0_committee_get_chapter:
    speakeasy-default-apps-api-rest-v0-committee-get-chapter:
      parameters:
        path:
          committee_id: "project"
      responses:
        "200":
          application/json: {"name": "<value>", "description": "oh retention indeed scout", "created_at": "2024-10-07T07:24:06.407Z", "updated_at": "2023-10-07T05:35:11.479Z"}
        "404":
          application/json: {"message": "<value>"}
  apps_api_rest_v0_member_get_member:
    speakeasy-default-apps-api-rest-v0-member-get-member:
      parameters:
        path:
          member_id: "OWASP"
      responses:
        "200":
          application/json: {"avatar_url": "https://probable-monocle.info/", "bio": "<value>", "company": "Gusikowski, Lindgren and Hilpert", "created_at": "2025-06-10T06:12:59.037Z", "followers_count": 418981, "following_count": 880792, "location": "<value>", "login": "Percy.Corwin", "name": "<value>", "public_repositories_count": 996809, "title": "<value>", "twitter_username": "<value>", "updated_at": "2024-09-04T15:52:45.207Z", "url": "https://silent-comestible.name"}
        "404":
          application/json: {"message": "<value>"}
  apps_api_rest_v0_organization_list_organization:
    speakeasy-default-apps-api-rest-v0-organization-list-organization:
      parameters:
        query:
          location: "United States of America"
          page: 1
      responses:
        "200":
          application/json: {"items": [{"company": "Schulist - Corwin", "created_at": "2024-09-12T10:26:53.069Z", "location": "<value>", "login": "Gloria82", "name": "<value>", "updated_at": "2023-09-28T04:04:30.868Z"}], "count": 899186}
  apps_api_rest_v0_organization_get_organization:
    speakeasy-default-apps-api-rest-v0-organization-get-organization:
      parameters:
        path:
          organization_id: "OWASP"
      responses:
        "200":
          application/json: {"company": "Thompson, Muller and Greenfelder", "created_at": "2024-04-06T15:58:36.585Z", "location": "<value>", "login": "Krystel63", "name": "<value>", "updated_at": "2024-02-29T10:03:30.464Z"}
        "404":
          application/json: {"message": "<value>"}
  apps_api_rest_v0_event_list_events:
    speakeasy-default-apps-api-rest-v0-event-list-events:
      parameters:
        query:
          page: 1
      responses:
        "200":
          application/json: {"items": [], "count": 965062}
  apps_api_rest_v0_project_list_projects:
    speakeasy-default-apps-api-rest-v0-project-list-projects:
      parameters:
        query:
          ordering: "-created_at"
          page: 1
      responses:
        "200":
          application/json: {"items": [], "count": 976294}
  apps_api_rest_v0_project_get_project:
    speakeasy-default-apps-api-rest-v0-project-get-project:
      parameters:
        path:
          project_id: "Nest"
      responses:
        "200":
          application/json: {"created_at": "2025-02-01T21:38:47.314Z", "description": "astride hence easily", "level": "other", "name": "<value>", "updated_at": "2023-10-02T12:16:09.505Z"}
        "404":
          application/json: {"message": "<value>"}
  get_committee:
    speakeasy-default-get-committee:
      parameters:
        path:
          committee_id: "project"
      responses:
        "200":
          application/json: {"created_at": "2024-10-26T15:58:22.888Z", "key": "<key>", "name": "<value>", "updated_at": "2024-10-23T09:23:37.658Z", "description": "phew regal hoarse what tedious pharmacopoeia stealthily disadvantage emergent at"}
        "404":
          application/json: {"message": "<value>"}
  get_organization:
    speakeasy-default-get-organization:
      parameters:
        path:
          organization_id: "OWASP"
      responses:
        "200":
          application/json: {"created_at": "2025-12-12T04:28:03.547Z", "login": "Alessandra_Beer", "name": "<value>", "updated_at": "2023-07-11T13:29:35.567Z", "company": "Padberg - Hettinger", "location": "<value>"}
        "404":
          application/json: {"message": "<value>"}
  get_project:
    speakeasy-default-get-project:
      parameters:
        path:
          project_id: "Nest"
      responses:
        "200":
          application/json: {"created_at": "2023-03-06T09:23:19.829Z", "key": "<key>", "level": "lab", "name": "<value>", "updated_at": "2023-12-06T04:15:58.999Z", "description": "since limply gah consequently ugh petticoat wholly possible"}
        "404":
          application/json: {"message": "<value>"}
  list_sponsors:
    speakeasy-default-list-sponsors:
      parameters:
        query:
          sponsor_type: "Silver"
          page: 1
          page_size: 100
      responses:
        "200":
          application/json: {"current_page": 515427, "has_next": true, "has_previous": false, "items": [{"image_url": "https://discrete-intervention.org/", "key": "<key>", "name": "<value>", "sponsor_type": "<value>", "url": "https://crafty-settler.biz"}], "total_count": 116871, "total_pages": 461791}
  get_sponsor:
    speakeasy-default-get-sponsor:
      parameters:
        path:
          sponsor_key: "adobe"
          sponsor_id: "adobe"
      responses:
        "200":
          application/json: {"image_url": "https://enlightened-hunger.info", "key": "<key>", "name": "<value>", "sponsor_type": "<value>", "url": "https://red-horde.net", "description": "freely blissfully ultimate huzzah instead along sometimes whale asset", "is_member": false, "job_url": "https://every-horde.com", "member_type": "<value>"}
        "404":
          application/json: {"message": "<value>"}
  get_event:
    speakeasy-default-get-event:
      parameters:
        path:
          event_id: "owasp-global-appsec-usa-2025-washington-dc"
      responses:
        "200":
          application/json: {"key": "<key>", "name": "<value>", "start_date": "2025-03-27T08:42:01.834Z"}
        "404":
          application/json: {"message": "<value>"}
  get_issue:
    speakeasy-default-get-issue:
      parameters:
        path:
          organization_id: "OWASP"
          repository_id: "Nest"
          issue_id: 1234
      responses:
        "200":
          application/json: {"created_at": "2023-01-06T05:13:46.833Z", "state": "closed", "title": "<value>", "updated_at": "2025-07-15T09:16:08.428Z", "url": "https://unaware-intent.net/", "body": "<value>"}
        "404":
          application/json: {"message": "<value>"}
  get_release:
    speakeasy-default-get-release:
      parameters:
        path:
          organization_id: "OWASP"
          repository_id: "Nest"
          release_id: "0.2.10"
      responses:
        "200":
          application/json: {"created_at": "2023-02-28T19:12:54.485Z", "name": "<value>", "tag_name": "<value>", "description": "zowie beside endow ah"}
        "404":
          application/json: {"message": "<value>"}
  get_repository:
    speakeasy-default-get-repository:
      parameters:
        path:
          organization_id: "OWASP"
          repository_id: "Nest"
      responses:
        "200":
          application/json: {"created_at": "2023-06-15T20:38:08.250Z", "name": "<value>", "updated_at": "2024-06-04T00:23:47.329Z", "commits_count": 151332, "contributors_count": 474468, "forks_count": 777327, "open_issues_count": 454143, "stars_count": 733383}
        "404":
          application/json: {"message": "<value>"}
  list_milestones:
    speakeasy-default-list-milestones:
      parameters:
        query:
          organization: "OWASP"
          repository: "Nest"
          page: 1
          page_size: 100
      responses:
        "200":
          application/json: {"current_page": 165375, "has_next": false, "has_previous": true, "items": [{"created_at": "2025-11-21T22:20:41.813Z", "number": 193241, "state": "closed", "title": "<value>", "updated_at": "2024-11-14T03:23:51.091Z", "url": "https://familiar-commodity.name"}], "total_count": 453892, "total_pages": 994947}
  get_milestone:
    speakeasy-default-get-milestone:
      parameters:
        path:
          organization_id: "OWASP"
          repository_id: "Nest"
          milestone_id: 1
      responses:
        "200":
          application/json: {"created_at": "2023-09-01T23:58:56.084Z", "number": 88227, "state": "open", "title": "<value>", "updated_at": "2023-09-20T07:01:10.505Z", "url": "https://impressive-configuration.name/", "body": "<value>", "closed_issues_count": 545798, "due_on": "2024-01-25T11:51:50.047Z", "open_issues_count": 564718}
        "404":
          application/json: {"message": "<value>"}
  list_snapshots:
    speakeasy-default-list-snapshots:
      parameters:
        query:
          page: 1
          page_size: 100
      responses:
        "200":
          application/json: {"current_page": 10683, "has_next": true, "has_previous": true, "items": [{"created_at": "2024-12-24T15:18:41.658Z", "end_at": "2023-03-26T12:40:48.423Z", "key": "<key>", "start_at": "2023-03-09T11:57:01.632Z", "title": "<value>", "updated_at": "2025-02-17T11:31:18.257Z"}], "total_count": 784067, "total_pages": 118187}
  get_snapshot:
    speakeasy-default-get-snapshot:
      parameters:
        path:
          snapshot_id: "2025-02"
      responses:
        "200":
          application/json: {"created_at": "2024-04-06T05:40:07.635Z", "end_at": "2025-03-11T07:21:35.938Z", "key": "<key>", "start_at": "2025-08-24T22:14:42.145Z", "title": "<value>", "updated_at": "2025-02-23T14:51:34.958Z", "new_chapters_count": 496225, "new_issues_count": 881483, "new_projects_count": 374148, "new_releases_count": 709291, "new_users_count": 456156}
        "404":
          application/json: {"message": "<value>"}
  list_snapshot_chapters:
    speakeasy-default-list-snapshot-chapters:
      parameters:
        path:
          snapshot_id: "2025-02"
        query:
          page: 1
          page_size: 100
      responses:
        "200":
          application/json: {"current_page": 892683, "has_next": true, "has_previous": true, "items": [{"created_at": "2025-09-06T22:48:36.824Z", "key": "<key>", "name": "<value>", "updated_at": "2023-08-11T16:47:23.418Z"}], "total_count": 844258, "total_pages": 42840}
  list_snapshot_issues:
    speakeasy-default-list-snapshot-issues:
      parameters:
        path:
          snapshot_id: "2025-02"
        query:
          page: 1
          page_size: 100
      responses:
        "200":
          application/json: {"current_page": 385459, "has_next": true, "has_previous": true, "items": [], "total_count": 4709, "total_pages": 701917}
  list_snapshot_members:
    speakeasy-default-list-snapshot-members:
      parameters:
        path:
          snapshot_id: "2025-02"
        query:
          page: 1
          page_size: 100
      responses:
        "200":
          application/json: {"current_page": 140918, "has_next": false, "has_previous": false, "items": [{"avatar_url": "https://distorted-parade.org", "created_at": "2023-03-24T15:57:12.273Z", "login": "Reynold.Howell-Murazik63", "name": "<value>", "updated_at": "2023-07-22T05:31:50.748Z", "url": "https://sparse-gift.biz"}], "total_count": 867382, "total_pages": 578518}
  list_snapshot_projects:
    speakeasy-default-list-snapshot-projects:
      parameters:
        path:
          snapshot_id: "2025-02"
        query:
          page: 1
          page_size: 100
      responses:
        "200":
          application/json: {"current_page": 75898, "has_next": false, "has_previous": false, "items": [{"created_at": "2024-04-02T12:32:29.027Z", "key": "<key>", "level": "incubator", "name": "<value>", "updated_at": "2024-11-14T17:43:52.606Z"}], "total_count": 736300, "total_pages": 929862}
  list_snapshot_releases:
    speakeasy-default-list-snapshot-releases:
      parameters:
        path:
          snapshot_id: "2025-02"
        query:
          page: 1
          page_size: 100
      responses:
        "200":
          application/json: {"current_page": 719171, "has_next": true, "has_previous": false, "items": [], "total_count": 715591, "total_pages": 776129}
examplesVersion: 1.0.2
releaseNotes: |
  ## Typescript SDK Changes Detected:
  * `nest.community.listSnapshots()`: **Added**
  * `nest.community.getSnapshot()`: **Added**
  * `nest.community.listSnapshotChapters()`: **Added**
  * `nest.community.listSnapshotIssues()`: **Added**
  * `nest.community.listSnapshotMembers()`: **Added**
  * `nest.community.listSnapshotProjects()`: **Added**
  * `nest.community.listSnapshotReleases()`: **Added**
  * `nest.repositories.getRepository()`:  `response` **Changed**
