lockVersion: 2.0.0
id: 89dd6fea-30bf-42cc-8446-2c3015a2c4ba
management:
  docChecksum: dec60afacf47f0e4f8f08103ec1723c3
  docVersion: 1.0.0
  speakeasyVersion: 1.613.0
  generationVersion: 2.696.0
  releaseVersion: 0.0.2
  configChecksum: 30756459dfc41397614d8612d49508e4
  repoURL: https://github.com/OWASP/nest-sdk-typescript.git
  installationURL: https://github.com/OWASP/nest-sdk-typescript
features:
  typescript:
    additionalDependencies: 0.1.0
    constsAndDefaults: 0.1.12
    core: 3.21.22
    defaultEnabledRetries: 0.1.0
    enumUnions: 0.1.0
    envVarSecurityUsage: 0.1.2
    globalSecurity: 2.82.13
    globalSecurityCallbacks: 0.1.0
    globalSecurityFlattening: 0.1.0
    globalServerURLs: 2.82.5
    methodArguments: 0.1.2
    nullables: 0.1.1
    responseFormat: 0.2.3
    retries: 2.83.0
    sdkHooks: 0.3.0
generatedFiles:
  - .gitattributes
  - .npmignore
  - FUNCTIONS.md
  - RUNTIMES.md
  - USAGE.md
  - docs/lib/utils/retryconfig.md
  - docs/models/chapterschema.md
  - docs/models/committeeschema.md
  - docs/models/errors/chaptererrorresponse.md
  - docs/models/errors/membererrorresponse.md
  - docs/models/eventschema.md
  - docs/models/issueschema.md
  - docs/models/memberschema.md
  - docs/models/operations/getchapterrequest.md
  - docs/models/operations/getmemberrequest.md
  - docs/models/operations/listchaptersordering.md
  - docs/models/operations/listchaptersrequest.md
  - docs/models/operations/listcommitteesordering.md
  - docs/models/operations/listcommitteesrequest.md
  - docs/models/operations/listeventsordering.md
  - docs/models/operations/listeventsrequest.md
  - docs/models/operations/listissuesordering.md
  - docs/models/operations/listissuesrequest.md
  - docs/models/operations/listmembersordering.md
  - docs/models/operations/listmembersrequest.md
  - docs/models/operations/listorganizationsordering.md
  - docs/models/operations/listorganizationsrequest.md
  - docs/models/operations/listprojectsordering.md
  - docs/models/operations/listprojectsrequest.md
  - docs/models/operations/listreleasesordering.md
  - docs/models/operations/listreleasesrequest.md
  - docs/models/operations/listrepositoriesordering.md
  - docs/models/operations/listrepositoriesrequest.md
  - docs/models/organizationschema.md
  - docs/models/pagedchapterschema.md
  - docs/models/pagedcommitteeschema.md
  - docs/models/pagedeventschema.md
  - docs/models/pagedissueschema.md
  - docs/models/pagedmemberschema.md
  - docs/models/pagedorganizationschema.md
  - docs/models/pagedprojectschema.md
  - docs/models/pagedreleaseschema.md
  - docs/models/pagedrepositoryschema.md
  - docs/models/projectlevel.md
  - docs/models/projectschema.md
  - docs/models/releaseschema.md
  - docs/models/repositoryschema.md
  - docs/models/security.md
  - docs/models/state.md
  - docs/sdks/chapters/README.md
  - docs/sdks/committees/README.md
  - docs/sdks/community/README.md
  - docs/sdks/events/README.md
  - docs/sdks/issues/README.md
  - docs/sdks/nest/README.md
  - docs/sdks/projects/README.md
  - docs/sdks/releases/README.md
  - docs/sdks/repositories/README.md
  - eslint.config.mjs
  - examples/.env.template
  - examples/README.md
  - examples/chaptersListChapters.example.ts
  - examples/package.json
  - jsr.json
  - package.json
  - src/core.ts
  - src/funcs/chaptersGetChapter.ts
  - src/funcs/chaptersListChapters.ts
  - src/funcs/committeesListCommittees.ts
  - src/funcs/communityGetMember.ts
  - src/funcs/communityListMembers.ts
  - src/funcs/communityListOrganizations.ts
  - src/funcs/eventsListEvents.ts
  - src/funcs/issuesListIssues.ts
  - src/funcs/projectsListProjects.ts
  - src/funcs/releasesListReleases.ts
  - src/funcs/repositoriesListRepositories.ts
  - src/hooks/hooks.ts
  - src/hooks/index.ts
  - src/hooks/types.ts
  - src/index.ts
  - src/lib/base64.ts
  - src/lib/config.ts
  - src/lib/dlv.ts
  - src/lib/encodings.ts
  - src/lib/env.ts
  - src/lib/files.ts
  - src/lib/http.ts
  - src/lib/is-plain-object.ts
  - src/lib/logger.ts
  - src/lib/matchers.ts
  - src/lib/primitives.ts
  - src/lib/retries.ts
  - src/lib/schemas.ts
  - src/lib/sdks.ts
  - src/lib/security.ts
  - src/lib/url.ts
  - src/models/chapterschema.ts
  - src/models/committeeschema.ts
  - src/models/errors/chaptererrorresponse.ts
  - src/models/errors/httpclienterrors.ts
  - src/models/errors/index.ts
  - src/models/errors/membererrorresponse.ts
  - src/models/errors/nestapierror.ts
  - src/models/errors/nesterror.ts
  - src/models/errors/responsevalidationerror.ts
  - src/models/errors/sdkvalidationerror.ts
  - src/models/eventschema.ts
  - src/models/index.ts
  - src/models/issueschema.ts
  - src/models/memberschema.ts
  - src/models/operations/getchapter.ts
  - src/models/operations/getmember.ts
  - src/models/operations/index.ts
  - src/models/operations/listchapters.ts
  - src/models/operations/listcommittees.ts
  - src/models/operations/listevents.ts
  - src/models/operations/listissues.ts
  - src/models/operations/listmembers.ts
  - src/models/operations/listorganizations.ts
  - src/models/operations/listprojects.ts
  - src/models/operations/listreleases.ts
  - src/models/operations/listrepositories.ts
  - src/models/organizationschema.ts
  - src/models/pagedchapterschema.ts
  - src/models/pagedcommitteeschema.ts
  - src/models/pagedeventschema.ts
  - src/models/pagedissueschema.ts
  - src/models/pagedmemberschema.ts
  - src/models/pagedorganizationschema.ts
  - src/models/pagedprojectschema.ts
  - src/models/pagedreleaseschema.ts
  - src/models/pagedrepositoryschema.ts
  - src/models/projectlevel.ts
  - src/models/projectschema.ts
  - src/models/releaseschema.ts
  - src/models/repositoryschema.ts
  - src/models/security.ts
  - src/models/state.ts
  - src/sdk/chapters.ts
  - src/sdk/committees.ts
  - src/sdk/community.ts
  - src/sdk/events.ts
  - src/sdk/index.ts
  - src/sdk/issues.ts
  - src/sdk/projects.ts
  - src/sdk/releases.ts
  - src/sdk/repositories.ts
  - src/sdk/sdk.ts
  - src/types/async.ts
  - src/types/blobs.ts
  - src/types/constdatetime.ts
  - src/types/enums.ts
  - src/types/fp.ts
  - src/types/index.ts
  - src/types/operations.ts
  - src/types/rfcdate.ts
  - src/types/streams.ts
  - tsconfig.json
examples:
  list_chapters:
    speakeasy-default-list-chapters:
      parameters:
        query:
          country: "India"
          region: "Asia"
          page: 1
      responses:
        "200":
          application/json: {"items": [{"country": "Slovenia", "created_at": "2025-04-17T12:05:02.463Z", "name": "<value>", "region": "<value>", "updated_at": "2023-05-06T16:21:25.155Z"}], "count": 769051}
  get_chapter:
    speakeasy-default-get-chapter:
      parameters:
        path:
          key: "<key>"
      responses:
        "200":
          application/json: {"country": "Hungary", "created_at": "2024-10-15T07:48:29.830Z", "name": "<value>", "region": "<value>", "updated_at": "2023-12-24T21:08:33.483Z"}
        "404":
          application/json: {"message": "<value>"}
  list_committees:
    speakeasy-default-list-committees:
      parameters:
        query:
          page: 1
      responses:
        "200":
          application/json: {"items": [{"name": "<value>", "description": "boo per while sunbathe likewise yeast quizzically expansion eek", "created_at": "2025-03-16T20:29:18.773Z", "updated_at": "2023-06-13T22:21:50.847Z"}], "count": 288373}
  list_members:
    speakeasy-default-list-members:
      parameters:
        query:
          location: "India"
          page: 1
      responses:
        "200":
          application/json: {"items": [{"avatar_url": "https://noxious-promise.info", "bio": "<value>", "company": "Schmeler and Sons", "created_at": "2023-10-11T15:28:15.365Z", "email": "Marie_Lesch@hotmail.com", "followers_count": 650853, "following_count": 788452, "location": "<value>", "login": "Emie.Jenkins79", "name": "<value>", "public_repositories_count": 740999, "title": "<value>", "twitter_username": "<value>", "updated_at": "2023-03-27T20:40:12.982Z", "url": "https://old-fashioned-provider.biz/"}], "count": 381744}
  get_member:
    speakeasy-default-get-member:
      parameters:
        path:
          login: "Stanton97"
      responses:
        "200":
          application/json: {"avatar_url": "https://winged-help.net", "bio": "<value>", "company": "Jacobson and Sons", "created_at": "2024-03-25T14:53:31.200Z", "email": "Viva91@hotmail.com", "followers_count": 877273, "following_count": 836968, "location": "<value>", "login": "Rodolfo.Lindgren", "name": "<value>", "public_repositories_count": 289203, "title": "<value>", "twitter_username": "<value>", "updated_at": "2023-12-31T23:08:06.768Z", "url": "https://yummy-colon.org"}
        "404":
          application/json: {"message": "<value>"}
  list_organizations:
    speakeasy-default-list-organizations:
      parameters:
        query:
          location: "United States of America"
          page: 1
      responses:
        "200":
          application/json: {"items": [{"company": "Grady LLC", "created_at": "2025-12-31T23:31:01.740Z", "location": "<value>", "login": "Rosina11", "name": "<value>", "updated_at": "2024-09-05T17:30:42.265Z"}], "count": 150206}
  list_events:
    speakeasy-default-list-events:
      parameters:
        query:
          page: 1
      responses:
        "200":
          application/json: {"items": [], "count": 957493}
  list_issues:
    speakeasy-default-list-issues:
      parameters:
        query:
          page: 1
      responses:
        "200":
          application/json: {"items": [{"body": "<value>", "created_at": "2025-07-18T12:46:15.645Z", "title": "<value>", "state": "closed", "updated_at": "2023-02-19T06:46:47.973Z", "url": "https://victorious-glider.info"}], "count": 209946}
  list_projects:
    speakeasy-default-list-projects:
      parameters:
        query:
          page: 1
      responses:
        "200":
          application/json: {"items": [], "count": 820243}
  list_releases:
    speakeasy-default-list-releases:
      parameters:
        query:
          tag_name: "v1.0.0"
          page: 1
      responses:
        "200":
          application/json: {"items": [], "count": 732904}
  list_repositories:
    speakeasy-default-list-repositories:
      parameters:
        query:
          page: 1
      responses:
        "200":
          application/json: {"items": [], "count": 331323}
examplesVersion: 1.0.2
