speakeasyVersion: 1.748.0
sources:
    nest-openapi:
        sourceNamespace: typescript-sdk
        sourceRevisionDigest: sha256:bf4491571b33353dd9ef90d19f731cc2a1ee3480682097e246717f459f034f37
        sourceBlobDigest: sha256:74135251fd9bbfa32024166763305a0b59e4f8f9d8022ba91e83b953d57c575a
        tags:
            - latest
            - 0.3.6
targets:
    nest-sdk-typescript:
        source: nest-openapi
        sourceNamespace: typescript-sdk
        sourceRevisionDigest: sha256:bf4491571b33353dd9ef90d19f731cc2a1ee3480682097e246717f459f034f37
        sourceBlobDigest: sha256:74135251fd9bbfa32024166763305a0b59e4f8f9d8022ba91e83b953d57c575a
        codeSamplesNamespace: typescript-code-samples
        codeSamplesRevisionDigest: sha256:8ec7c5562e7658857c140cb48d96c48e6d78cb321521a3ce9cd5d07cbfed1d7f
workflow:
    workflowVersion: 1.0.0
    speakeasyVersion: latest
    sources:
        nest-openapi:
            inputs:
                - location: https://nest.owasp.org/api/v0/openapi.json
            transformations:
                - removeUnused: true
            registry:
                location: registry.speakeasyapi.dev/owasp/nest/typescript-sdk
    targets:
        nest-sdk-typescript:
            target: typescript
            source: nest-openapi
            output: .
            publish:
                npm:
                    token: $npm_token
            codeSamples:
                registry:
                    location: registry.speakeasyapi.dev/owasp/nest/typescript-code-samples
                blocking: false
