speakeasyVersion: 1.741.4
sources:
    nest-openapi:
        sourceNamespace: typescript-sdk
        sourceRevisionDigest: sha256:d9aa8fa96a4c92b005016c8cb047d2db36e51a5c5571ab15a27ad2200d2faf67
        sourceBlobDigest: sha256:3daced62c738b4d731d4c31a8b49df5fdd6334f0165416b46395589aedb41928
        tags:
            - latest
            - 0.3.6
targets:
    nest-sdk-typescript:
        source: nest-openapi
        sourceNamespace: typescript-sdk
        sourceRevisionDigest: sha256:d9aa8fa96a4c92b005016c8cb047d2db36e51a5c5571ab15a27ad2200d2faf67
        sourceBlobDigest: sha256:3daced62c738b4d731d4c31a8b49df5fdd6334f0165416b46395589aedb41928
        codeSamplesNamespace: typescript-code-samples
        codeSamplesRevisionDigest: sha256:00f65978a7ba31f8284fef2c1ebbfeb8fe52466e6b1b58cd94aa81885bd75ced
workflow:
    workflowVersion: 1.0.0
    speakeasyVersion: latest
    sources:
        nest-openapi:
            inputs:
                - location: https://nest.owasp.org/api/v0/openapi.json
            transformations:
                - removeUnused: true
            registry:
                location: registry.speakeasyapi.dev/owasp/nest/typescript-sdk
    targets:
        nest-sdk-typescript:
            target: typescript
            source: nest-openapi
            output: .
            publish:
                npm:
                    token: $npm_token
            codeSamples:
                registry:
                    location: registry.speakeasyapi.dev/owasp/nest/typescript-code-samples
                blocking: false
